
Microsoft Visual Studio Solution File, Format Version 12.00
# Visual Studio 15
Project("{FAE04EC0-301F-11D3-BF4B-00C04F79EFBC}") = "Assembly-CSharp", "Assembly-CSharp.csproj", "{0FE0DFB8-B9F8-8973-24D7-F347D65B5D90}"
EndProject
Project("{FAE04EC0-301F-11D3-BF4B-00C04F79EFBC}") = "Assembly-CSharp-Editor", "Assembly-CSharp-Editor.csproj", "{0F513DB5-C639-3750-16AC-FEDD972222D3}"
EndProject
Global
	GlobalSection(SolutionConfigurationPlatforms) = preSolution
		Debug|Any CPU = Debug|Any CPU
		Release|Any CPU = Release|Any CPU
	EndGlobalSection
	GlobalSection(ProjectConfigurationPlatforms) = postSolution
		{0FE0DFB8-B9F8-8973-24D7-F347D65B5D90}.Debug|Any CPU.ActiveCfg = Debug|Any CPU
		{0FE0DFB8-B9F8-8973-24D7-F347D65B5D90}.Debug|Any CPU.Build.0 = Debug|Any CPU
		{0FE0DFB8-B9F8-8973-24D7-F347D65B5D90}.Release|Any CPU.ActiveCfg = Release|Any CPU
		{0FE0DFB8-B9F8-8973-24D7-F347D65B5D90}.Release|Any CPU.Build.0 = Release|Any CPU
		{0F513DB5-C639-3750-16AC-FEDD972222D3}.Debug|Any CPU.ActiveCfg = Debug|Any CPU
		{0F513DB5-C639-3750-16AC-FEDD972222D3}.Debug|Any CPU.Build.0 = Debug|Any CPU
		{0F513DB5-C639-3750-16AC-FEDD972222D3}.Release|Any CPU.ActiveCfg = Release|Any CPU
		{0F513DB5-C639-3750-16AC-FEDD972222D3}.Release|Any CPU.Build.0 = Release|Any CPU
	EndGlobalSection
	GlobalSection(SolutionProperties) = preSolution
		HideSolutionNode = FALSE
	EndGlobalSection
EndGlobal
